
Microsoft Visual Studio Solution File, Format Version 12.00
# Visual Studio 15
VisualStudioVersion = 15.0.26228.9
MinimumVisualStudioVersion = 10.0.40219.1
Project("{2150E333-8FDC-42A3-9474-1A3956D46DE8}") = "Solution Items", "Solution Items", "{82A9B438-C64A-4264-A969-476FC8534FEA}"
	ProjectSection(SolutionItems) = preProject
		about.css = about.css
		About.html = About.html
		Brochures.html = Brochures.html
		Catalogs.html = Catalogs.html
		contact.css = contact.css
		Contact.html = Contact.html
		index.html = index.html
		main.css = main.css
		reviews.css = reviews.css
		Reviews.html = Reviews.html
	EndProjectSection
EndProject
Project("{2150E333-8FDC-42A3-9474-1A3956D46DE8}") = "img", "img", "{249117EC-2EBF-41F4-9288-F7560BD00F97}"
EndProject
Global
	GlobalSection(SolutionProperties) = preSolution
		HideSolutionNode = FALSE
	EndGlobalSection
EndGlobal
